
Microsoft Visual Studio Solution File, Format Version 12.00
# Visual Studio Version 17
VisualStudioVersion = 17.5.33530.505
MinimumVisualStudioVersion = 10.0.40219.1
Project("{FAE04EC0-301F-11D3-BF4B-00C04F79EFBC}") = "WebApplication1", "WebApplication1.csproj", "{6BB5AFCC-D400-45C7-8ACE-0B63FFCD9019}"
EndProject
Global
	GlobalSection(SolutionConfigurationPlatforms) = preSolution
		Debug|Any CPU = Debug|Any CPU
		Release|Any CPU = Release|Any CPU
	EndGlobalSection
	GlobalSection(ProjectConfigurationPlatforms) = postSolution
		{6BB5AFCC-D400-45C7-8ACE-0B63FFCD9019}.Debug|Any CPU.ActiveCfg = Debug|Any CPU
		{6BB5AFCC-D400-45C7-8ACE-0B63FFCD9019}.Debug|Any CPU.Build.0 = Debug|Any CPU
		{6BB5AFCC-D400-45C7-8ACE-0B63FFCD9019}.Release|Any CPU.ActiveCfg = Release|Any CPU
		{6BB5AFCC-D400-45C7-8ACE-0B63FFCD9019}.Release|Any CPU.Build.0 = Release|Any CPU
	EndGlobalSection
	GlobalSection(SolutionProperties) = preSolution
		HideSolutionNode = FALSE
	EndGlobalSection
	GlobalSection(ExtensibilityGlobals) = postSolution
		SolutionGuid = {F8886BED-553B-4DF4-9012-FF5A3B5D99F2}
	EndGlobalSection
EndGlobal
